Microsoft Visual Studio Solution File, Format Version 12.00
# Visual Studio Version 17
VisualStudioVersion = 17.5.2.0
MinimumVisualStudioVersion = 10.0.40219.1
Project("{FAE04EC0-301F-11D3-BF4B-00C04F79EFBC}") = "bicep-ext-http", "src\bicep-ext-http.csproj", "{2EC13961-F770-64F0-D035-831775CD269B}"
EndProject
Global
	GlobalSection(SolutionConfigurationPlatforms) = preSolution
		Debug|Any CPU = Debug|Any CPU
		Release|Any CPU = Release|Any CPU
	EndGlobalSection
	GlobalSection(ProjectConfigurationPlatforms) = postSolution
		{2EC13961-F770-64F0-D035-831775CD269B}.Debug|Any CPU.ActiveCfg = Debug|Any CPU
		{2EC13961-F770-64F0-D035-831775CD269B}.Debug|Any CPU.Build.0 = Debug|Any CPU
		{2EC13961-F770-64F0-D035-831775CD269B}.Release|Any CPU.ActiveCfg = Release|Any CPU
		{2EC13961-F770-64F0-D035-831775CD269B}.Release|Any CPU.Build.0 = Release|Any CPU
	EndGlobalSection
	GlobalSection(SolutionProperties) = preSolution
		HideSolutionNode = FALSE
	EndGlobalSection
	GlobalSection(ExtensibilityGlobals) = postSolution
		SolutionGuid = {2C27C901-A76B-47E1-87F6-5839552AD615}
	EndGlobalSection
EndGlobal
